
Microsoft Visual Studio Solution File, Format Version 12.00
# Visual Studio Version 17
VisualStudioVersion = 17.14.36310.24
MinimumVisualStudioVersion = 10.0.40219.1
Project("{FAE04EC0-301F-11D3-BF4B-00C04F79EFBC}") = "SoftwareCenter.Api", "SoftwareCenter.Api\SoftwareCenter.Api.csproj", "{01C1D25A-66F1-40B5-8748-498DDD57CE43}"
EndProject
Project("{FAE04EC0-301F-11D3-BF4B-00C04F79EFBC}") = "SoftwareCenter.Tests", "SoftwareCenter.Tests\SoftwareCenter.Tests.csproj", "{206E0DC6-60F7-4A41-9056-84440F4C2F9E}"
EndProject
Global
	GlobalSection(SolutionConfigurationPlatforms) = preSolution
		Debug|Any CPU = Debug|Any CPU
		Release|Any CPU = Release|Any CPU
	EndGlobalSection
	GlobalSection(ProjectConfigurationPlatforms) = postSolution
		{01C1D25A-66F1-40B5-8748-498DDD57CE43}.Debug|Any CPU.ActiveCfg = Debug|Any CPU
		{01C1D25A-66F1-40B5-8748-498DDD57CE43}.Debug|Any CPU.Build.0 = Debug|Any CPU
		{01C1D25A-66F1-40B5-8748-498DDD57CE43}.Release|Any CPU.ActiveCfg = Release|Any CPU
		{01C1D25A-66F1-40B5-8748-498DDD57CE43}.Release|Any CPU.Build.0 = Release|Any CPU
		{206E0DC6-60F7-4A41-9056-84440F4C2F9E}.Debug|Any CPU.ActiveCfg = Debug|Any CPU
		{206E0DC6-60F7-4A41-9056-84440F4C2F9E}.Debug|Any CPU.Build.0 = Debug|Any CPU
		{206E0DC6-60F7-4A41-9056-84440F4C2F9E}.Release|Any CPU.ActiveCfg = Release|Any CPU
		{206E0DC6-60F7-4A41-9056-84440F4C2F9E}.Release|Any CPU.Build.0 = Release|Any CPU
	EndGlobalSection
	GlobalSection(SolutionProperties) = preSolution
		HideSolutionNode = FALSE
	EndGlobalSection
	GlobalSection(ExtensibilityGlobals) = postSolution
		SolutionGuid = {B522C6BC-B78D-4A76-86E2-43D6A9674333}
	EndGlobalSection
EndGlobal
