
Microsoft Visual Studio Solution File, Format Version 12.00
# Visual Studio Version 17
VisualStudioVersion = 17.14.36310.24
MinimumVisualStudioVersion = 10.0.40219.1
Project("{FAE04EC0-301F-11D3-BF4B-00C04F79EFBC}") = "SoftwareCenter.Api", "SoftwareCenter.Api\SoftwareCenter.Api.csproj", "{0568C2FF-F3E8-4D8E-A988-FC4A3C917CDA}"
EndProject
Project("{FAE04EC0-301F-11D3-BF4B-00C04F79EFBC}") = "SoftwareCenter.Tests", "SoftwareCenter.Tests\SoftwareCenter.Tests.csproj", "{1A8942D4-B7CB-40B6-A534-6AECC00E7B12}"
EndProject
Global
	GlobalSection(SolutionConfigurationPlatforms) = preSolution
		Debug|Any CPU = Debug|Any CPU
		Release|Any CPU = Release|Any CPU
	EndGlobalSection
	GlobalSection(ProjectConfigurationPlatforms) = postSolution
		{0568C2FF-F3E8-4D8E-A988-FC4A3C917CDA}.Debug|Any CPU.ActiveCfg = Debug|Any CPU
		{0568C2FF-F3E8-4D8E-A988-FC4A3C917CDA}.Debug|Any CPU.Build.0 = Debug|Any CPU
		{0568C2FF-F3E8-4D8E-A988-FC4A3C917CDA}.Release|Any CPU.ActiveCfg = Release|Any CPU
		{0568C2FF-F3E8-4D8E-A988-FC4A3C917CDA}.Release|Any CPU.Build.0 = Release|Any CPU
		{1A8942D4-B7CB-40B6-A534-6AECC00E7B12}.Debug|Any CPU.ActiveCfg = Debug|Any CPU
		{1A8942D4-B7CB-40B6-A534-6AECC00E7B12}.Debug|Any CPU.Build.0 = Debug|Any CPU
		{1A8942D4-B7CB-40B6-A534-6AECC00E7B12}.Release|Any CPU.ActiveCfg = Release|Any CPU
		{1A8942D4-B7CB-40B6-A534-6AECC00E7B12}.Release|Any CPU.Build.0 = Release|Any CPU
	EndGlobalSection
	GlobalSection(SolutionProperties) = preSolution
		HideSolutionNode = FALSE
	EndGlobalSection
	GlobalSection(ExtensibilityGlobals) = postSolution
		SolutionGuid = {FBE10EC3-ED77-4C87-AAB4-31680FDB77E3}
	EndGlobalSection
EndGlobal
